// !$*UTF8*$!
{
	archiveVersion = 1;
	classes = {
	};
	objectVersion = 55;
	objects = {

/* Begin PBXBuildFile section */
		BF9D58F627E92D8D007B409C /* ROPApp.swift in Sources */ = {isa = PBXBuildFile; fileRef = BF9D58F527E92D8D007B409C /* ROPApp.swift */; };
		BF9D58F827E92D8D007B409C /* ContentView.swift in Sources */ = {isa = PBXBuildFile; fileRef = BF9D58F727E92D8D007B409C /* ContentView.swift */; };
		BF9D58FA27E92D8F007B409C /* Assets.xcassets in Resources */ = {isa = PBXBuildFile; fileRef = BF9D58F927E92D8F007B409C /* Assets.xcassets */; };
		BF9D58FD27E92D8F007B409C /* Preview Assets.xcassets in Resources */ = {isa = PBXBuildFile; fileRef = BF9D58FC27E92D8F007B409C /* Preview Assets.xcassets */; };
		BF9D590527E92E78007B409C /* ConsHolder.swift in Sources */ = {isa = PBXBuildFile; fileRef = BF9D590427E92E78007B409C /* ConsHolder.swift */; };
		BF9D590727E92EC1007B409C /* MovieCropper.swift in Sources */ = {isa = PBXBuildFile; fileRef = BF9D590627E92EC1007B409C /* MovieCropper.swift */; };
		BF9D590927E92EF8007B409C /* ResultHolder.swift in Sources */ = {isa = PBXBuildFile; fileRef = BF9D590827E92EF8007B409C /* ResultHolder.swift */; };
		BF9D590B27E92F60007B409C /* ScanButton.swift in Sources */ = {isa = PBXBuildFile; fileRef = BF9D590A27E92F60007B409C /* ScanButton.swift */; };
		BF9D590D27E92F88007B409C /* UIImageExtension.swift in Sources */ = {isa = PBXBuildFile; fileRef = BF9D590C27E92F88007B409C /* UIImageExtension.swift */; };
		BF9D591027E9306F007B409C /* CameraPage.swift in Sources */ = {isa = PBXBuildFile; fileRef = BF9D590F27E9306F007B409C /* CameraPage.swift */; };
		BF9D591227E93080007B409C /* ImagePicker.swift in Sources */ = {isa = PBXBuildFile; fileRef = BF9D591127E93080007B409C /* ImagePicker.swift */; };
		BF9D591427E93090007B409C /* InformationView.swift in Sources */ = {isa = PBXBuildFile; fileRef = BF9D591327E93090007B409C /* InformationView.swift */; };
		BF9D591627E930B0007B409C /* SendDataView.swift in Sources */ = {isa = PBXBuildFile; fileRef = BF9D591527E930B0007B409C /* SendDataView.swift */; };
		BF9D591827E94EA1007B409C /* ClsssificationView.swift in Sources */ = {isa = PBXBuildFile; fileRef = BF9D591727E94EA1007B409C /* ClsssificationView.swift */; };
		BF9D591E27EA2593007B409C /* FirebaseAppDistribution-Beta in Frameworks */ = {isa = PBXBuildFile; productRef = BF9D591D27EA2593007B409C /* FirebaseAppDistribution-Beta */; };
		BF9D592027EA2B68007B409C /* GoogleService-Info.plist in Resources */ = {isa = PBXBuildFile; fileRef = BF9D591F27EA2B68007B409C /* GoogleService-Info.plist */; };
/* End PBXBuildFile section */

/* Begin PBXFileReference section */
		BF9D58F227E92D8D007B409C /* ROPApp.app */ = {isa = PBXFileReference; explicitFileType = wrapper.application; includeInIndex = 0; path = ROPApp.app; sourceTree = BUILT_PRODUCTS_DIR; };
		BF9D58F527E92D8D007B409C /* ROPApp.swift */ = {isa = PBXFileReference; lastKnownFileType = sourcecode.swift; path = ROPApp.swift; sourceTree = "<group>"; };
		BF9D58F727E92D8D007B409C /* ContentView.swift */ = {isa = PBXFileReference; lastKnownFileType = sourcecode.swift; path = ContentView.swift; sourceTree = "<group>"; };
		BF9D58F927E92D8F007B409C /* Assets.xcassets */ = {isa = PBXFileReference; lastKnownFileType = folder.assetcatalog; path = Assets.xcassets; sourceTree = "<group>"; };
		BF9D58FC27E92D8F007B409C /* Preview Assets.xcassets */ = {isa = PBXFileReference; lastKnownFileType = folder.assetcatalog; path = "Preview Assets.xcassets"; sourceTree = "<group>"; };
		BF9D590427E92E78007B409C /* ConsHolder.swift */ = {isa = PBXFileReference; lastKnownFileType = sourcecode.swift; path = ConsHolder.swift; sourceTree = "<group>"; };
		BF9D590627E92EC1007B409C /* MovieCropper.swift */ = {isa = PBXFileReference; lastKnownFileType = sourcecode.swift; path = MovieCropper.swift; sourceTree = "<group>"; };
		BF9D590827E92EF8007B409C /* ResultHolder.swift */ = {isa = PBXFileReference; lastKnownFileType = sourcecode.swift; path = ResultHolder.swift; sourceTree = "<group>"; };
		BF9D590A27E92F60007B409C /* ScanButton.swift */ = {isa = PBXFileReference; lastKnownFileType = sourcecode.swift; path = ScanButton.swift; sourceTree = "<group>"; };
		BF9D590C27E92F88007B409C /* UIImageExtension.swift */ = {isa = PBXFileReference; lastKnownFileType = sourcecode.swift; path = UIImageExtension.swift; sourceTree = "<group>"; };
		BF9D590F27E9306F007B409C /* CameraPage.swift */ = {isa = PBXFileReference; lastKnownFileType = sourcecode.swift; path = CameraPage.swift; sourceTree = "<group>"; };
		BF9D591127E93080007B409C /* ImagePicker.swift */ = {isa = PBXFileReference; lastKnownFileType = sourcecode.swift; path = ImagePicker.swift; sourceTree = "<group>"; };
		BF9D591327E93090007B409C /* InformationView.swift */ = {isa = PBXFileReference; lastKnownFileType = sourcecode.swift; path = InformationView.swift; sourceTree = "<group>"; };
		BF9D591527E930B0007B409C /* SendDataView.swift */ = {isa = PBXFileReference; lastKnownFileType = sourcecode.swift; path = SendDataView.swift; sourceTree = "<group>"; };
		BF9D591727E94EA1007B409C /* ClsssificationView.swift */ = {isa = PBXFileReference; lastKnownFileType = sourcecode.swift; path = ClsssificationView.swift; sourceTree = "<group>"; };
		BF9D591927E988F7007B409C /* Info.plist */ = {isa = PBXFileReference; lastKnownFileType = text.plist; path = Info.plist; sourceTree = "<group>"; };
		BF9D591F27EA2B68007B409C /* GoogleService-Info.plist */ = {isa = PBXFileReference; fileEncoding = 4; lastKnownFileType = text.plist.xml; path = "GoogleService-Info.plist"; sourceTree = "<group>"; };
/* End PBXFileReference section */

/* Begin PBXFrameworksBuildPhase section */
		BF9D58EF27E92D8D007B409C /* Frameworks */ = {
			isa = PBXFrameworksBuildPhase;
			buildActionMask = 2147483647;
			files = (
				BF9D591E27EA2593007B409C /* FirebaseAppDistribution-Beta in Frameworks */,
			);
			runOnlyForDeploymentPostprocessing = 0;
		};
/* End PBXFrameworksBuildPhase section */

/* Begin PBXGroup section */
		BF9D58E927E92D8D007B409C = {
			isa = PBXGroup;
			children = (
				BF9D58F427E92D8D007B409C /* ROPApp */,
				BF9D58F327E92D8D007B409C /* Products */,
			);
			sourceTree = "<group>";
		};
		BF9D58F327E92D8D007B409C /* Products */ = {
			isa = PBXGroup;
			children = (
				BF9D58F227E92D8D007B409C /* ROPApp.app */,
			);
			name = Products;
			sourceTree = "<group>";
		};
		BF9D58F427E92D8D007B409C /* ROPApp */ = {
			isa = PBXGroup;
			children = (
				BF9D591927E988F7007B409C /* Info.plist */,
				BF9D590E27E92FBC007B409C /* Pages */,
				BF9D590327E92E38007B409C /* Extension */,
				BF9D58F927E92D8F007B409C /* Assets.xcassets */,
				BF9D591F27EA2B68007B409C /* GoogleService-Info.plist */,
				BF9D58FB27E92D8F007B409C /* Preview Content */,
			);
			path = ROPApp;
			sourceTree = "<group>";
		};
		BF9D58FB27E92D8F007B409C /* Preview Content */ = {
			isa = PBXGroup;
			children = (
				BF9D58FC27E92D8F007B409C /* Preview Assets.xcassets */,
			);
			path = "Preview Content";
			sourceTree = "<group>";
		};
		BF9D590327E92E38007B409C /* Extension */ = {
			isa = PBXGroup;
			children = (
				BF9D590427E92E78007B409C /* ConsHolder.swift */,
				BF9D590627E92EC1007B409C /* MovieCropper.swift */,
				BF9D590827E92EF8007B409C /* ResultHolder.swift */,
				BF9D590A27E92F60007B409C /* ScanButton.swift */,
				BF9D590C27E92F88007B409C /* UIImageExtension.swift */,
			);
			path = Extension;
			sourceTree = "<group>";
		};
		BF9D590E27E92FBC007B409C /* Pages */ = {
			isa = PBXGroup;
			children = (
				BF9D58F527E92D8D007B409C /* ROPApp.swift */,
				BF9D58F727E92D8D007B409C /* ContentView.swift */,
				BF9D590F27E9306F007B409C /* CameraPage.swift */,
				BF9D591127E93080007B409C /* ImagePicker.swift */,
				BF9D591327E93090007B409C /* InformationView.swift */,
				BF9D591727E94EA1007B409C /* ClsssificationView.swift */,
				BF9D591527E930B0007B409C /* SendDataView.swift */,
			);
			path = Pages;
			sourceTree = "<group>";
		};
/* End PBXGroup section */

/* Begin PBXNativeTarget section */
		BF9D58F127E92D8D007B409C /* ROPApp */ = {
			isa = PBXNativeTarget;
			buildConfigurationList = BF9D590027E92D8F007B409C /* Build configuration list for PBXNativeTarget "ROPApp" */;
			buildPhases = (
				BF9D58EE27E92D8D007B409C /* Sources */,
				BF9D58EF27E92D8D007B409C /* Frameworks */,
				BF9D58F027E92D8D007B409C /* Resources */,
			);
			buildRules = (
			);
			dependencies = (
			);
			name = ROPApp;
			packageProductDependencies = (
				BF9D591D27EA2593007B409C /* FirebaseAppDistribution-Beta */,
			);
			productName = ROPApp;
			productReference = BF9D58F227E92D8D007B409C /* ROPApp.app */;
			productType = "com.apple.product-type.application";
		};
/* End PBXNativeTarget section */

/* Begin PBXProject section */
		BF9D58EA27E92D8D007B409C /* Project object */ = {
			isa = PBXProject;
			attributes = {
				BuildIndependentTargetsInParallel = 1;
				LastSwiftUpdateCheck = 1330;
				LastUpgradeCheck = 1330;
				TargetAttributes = {
					BF9D58F127E92D8D007B409C = {
						CreatedOnToolsVersion = 13.3;
					};
				};
			};
			buildConfigurationList = BF9D58ED27E92D8D007B409C /* Build configuration list for PBXProject "ROPApp" */;
			compatibilityVersion = "Xcode 13.0";
			developmentRegion = en;
			hasScannedForEncodings = 0;
			knownRegions = (
				en,
				Base,
			);
			mainGroup = BF9D58E927E92D8D007B409C;
			packageReferences = (
				BF9D591C27EA2593007B409C /* XCRemoteSwiftPackageReference "firebase-ios-sdk" */,
			);
			productRefGroup = BF9D58F327E92D8D007B409C /* Products */;
			projectDirPath = "";
			projectRoot = "";
			targets = (
				BF9D58F127E92D8D007B409C /* ROPApp */,
			);
		};
/* End PBXProject section */

/* Begin PBXResourcesBuildPhase section */
		BF9D58F027E92D8D007B409C /* Resources */ = {
			isa = PBXResourcesBuildPhase;
			buildActionMask = 2147483647;
			files = (
				BF9D58FD27E92D8F007B409C /* Preview Assets.xcassets in Resources */,
				BF9D58FA27E92D8F007B409C /* Assets.xcassets in Resources */,
				BF9D592027EA2B68007B409C /* GoogleService-Info.plist in Resources */,
			);
			runOnlyForDeploymentPostprocessing = 0;
		};
/* End PBXResourcesBuildPhase section */

/* Begin PBXSourcesBuildPhase section */
		BF9D58EE27E92D8D007B409C /* Sources */ = {
			isa = PBXSourcesBuildPhase;
			buildActionMask = 2147483647;
			files = (
				BF9D590727E92EC1007B409C /* MovieCropper.swift in Sources */,
				BF9D591027E9306F007B409C /* CameraPage.swift in Sources */,
				BF9D58F827E92D8D007B409C /* ContentView.swift in Sources */,
				BF9D591227E93080007B409C /* ImagePicker.swift in Sources */,
				BF9D590D27E92F88007B409C /* UIImageExtension.swift in Sources */,
				BF9D591427E93090007B409C /* InformationView.swift in Sources */,
				BF9D591627E930B0007B409C /* SendDataView.swift in Sources */,
				BF9D590927E92EF8007B409C /* ResultHolder.swift in Sources */,
				BF9D591827E94EA1007B409C /* ClsssificationView.swift in Sources */,
				BF9D58F627E92D8D007B409C /* ROPApp.swift in Sources */,
				BF9D590B27E92F60007B409C /* ScanButton.swift in Sources */,
				BF9D590527E92E78007B409C /* ConsHolder.swift in Sources */,
			);
			runOnlyForDeploymentPostprocessing = 0;
		};
/* End PBXSourcesBuildPhase section */

/* Begin XCBuildConfiguration section */
		BF9D58FE27E92D8F007B409C /* Debug */ = {
			isa = XCBuildConfiguration;
			buildSettings = {
				ALWAYS_SEARCH_USER_PATHS = NO;
				CLANG_ANALYZER_NONNULL = YES;
				CLANG_ANALYZER_NUMBER_OBJECT_CONVERSION = YES_AGGRESSIVE;
				CLANG_CXX_LANGUAGE_STANDARD = "gnu++17";
				CLANG_ENABLE_MODULES = YES;
				CLANG_ENABLE_OBJC_ARC = YES;
				CLANG_ENABLE_OBJC_WEAK = YES;
				CLANG_WARN_BLOCK_CAPTURE_AUTORELEASING = YES;
				CLANG_WARN_BOOL_CONVERSION = YES;
				CLANG_WARN_COMMA = YES;
				CLANG_WARN_CONSTANT_CONVERSION = YES;
				CLANG_WARN_DEPRECATED_OBJC_IMPLEMENTATIONS = YES;
				CLANG_WARN_DIRECT_OBJC_ISA_USAGE = YES_ERROR;
				CLANG_WARN_DOCUMENTATION_COMMENTS = YES;
				CLANG_WARN_EMPTY_BODY = YES;
				CLANG_WARN_ENUM_CONVERSION = YES;
				CLANG_WARN_INFINITE_RECURSION = YES;
				CLANG_WARN_INT_CONVERSION = YES;
				CLANG_WARN_NON_LITERAL_NULL_CONVERSION = YES;
				CLANG_WARN_OBJC_IMPLICIT_RETAIN_SELF = YES;
				CLANG_WARN_OBJC_LITERAL_CONVERSION = YES;
				CLANG_WARN_OBJC_ROOT_CLASS = YES_ERROR;
				CLANG_WARN_QUOTED_INCLUDE_IN_FRAMEWORK_HEADER = YES;
				CLANG_WARN_RANGE_LOOP_ANALYSIS = YES;
				CLANG_WARN_STRICT_PROTOTYPES = YES;
				CLANG_WARN_SUSPICIOUS_MOVE = YES;
				CLANG_WARN_UNGUARDED_AVAILABILITY = YES_AGGRESSIVE;
				CLANG_WARN_UNREACHABLE_CODE = YES;
				CLANG_WARN__DUPLICATE_METHOD_MATCH = YES;
				COPY_PHASE_STRIP = NO;
				DEBUG_INFORMATION_FORMAT = dwarf;
				ENABLE_STRICT_OBJC_MSGSEND = YES;
				ENABLE_TESTABILITY = YES;
				GCC_C_LANGUAGE_STANDARD = gnu11;
				GCC_DYNAMIC_NO_PIC = NO;
				GCC_NO_COMMON_BLOCKS = YES;
				GCC_OPTIMIZATION_LEVEL = 0;
				GCC_PREPROCESSOR_DEFINITIONS = (
					"DEBUG=1",
					"$(inherited)",
				);
				GCC_WARN_64_TO_32_BIT_CONVERSION = YES;
				GCC_WARN_ABOUT_RETURN_TYPE = YES_ERROR;
				GCC_WARN_UNDECLARED_SELECTOR = YES;
				GCC_WARN_UNINITIALIZED_AUTOS = YES_AGGRESSIVE;
				GCC_WARN_UNUSED_FUNCTION = YES;
				GCC_WARN_UNUSED_VARIABLE = YES;
				IPHONEOS_DEPLOYMENT_TARGET = 15.4;
				MTL_ENABLE_DEBUG_INFO = INCLUDE_SOURCE;
				MTL_FAST_MATH = YES;
				ONLY_ACTIVE_ARCH = YES;
				SDKROOT = iphoneos;
				SWIFT_ACTIVE_COMPILATION_CONDITIONS = DEBUG;
				SWIFT_OPTIMIZATION_LEVEL = "-Onone";
			};
			name = Debug;
		};
		BF9D58FF27E92D8F007B409C /* Release */ = {
			isa = XCBuildConfiguration;
			buildSettings = {
				ALWAYS_SEARCH_USER_PATHS = NO;
				CLANG_ANALYZER_NONNULL = YES;
				CLANG_ANALYZER_NUMBER_OBJECT_CONVERSION = YES_AGGRESSIVE;
				CLANG_CXX_LANGUAGE_STANDARD = "gnu++17";
				CLANG_ENABLE_MODULES = YES;
				CLANG_ENABLE_OBJC_ARC = YES;
				CLANG_ENABLE_OBJC_WEAK = YES;
				CLANG_WARN_BLOCK_CAPTURE_AUTORELEASING = YES;
				CLANG_WARN_BOOL_CONVERSION = YES;
				CLANG_WARN_COMMA = YES;
				CLANG_WARN_CONSTANT_CONVERSION = YES;
				CLANG_WARN_DEPRECATED_OBJC_IMPLEMENTATIONS = YES;
				CLANG_WARN_DIRECT_OBJC_ISA_USAGE = YES_ERROR;
				CLANG_WARN_DOCUMENTATION_COMMENTS = YES;
				CLANG_WARN_EMPTY_BODY = YES;
				CLANG_WARN_ENUM_CONVERSION = YES;
				CLANG_WARN_INFINITE_RECURSION = YES;
				CLANG_WARN_INT_CONVERSION = YES;
				CLANG_WARN_NON_LITERAL_NULL_CONVERSION = YES;
				CLANG_WARN_OBJC_IMPLICIT_RETAIN_SELF = YES;
				CLANG_WARN_OBJC_LITERAL_CONVERSION = YES;
				CLANG_WARN_OBJC_ROOT_CLASS = YES_ERROR;
				CLANG_WARN_QUOTED_INCLUDE_IN_FRAMEWORK_HEADER = YES;
				CLANG_WARN_RANGE_LOOP_ANALYSIS = YES;
				CLANG_WARN_STRICT_PROTOTYPES = YES;
				CLANG_WARN_SUSPICIOUS_MOVE = YES;
				CLANG_WARN_UNGUARDED_AVAILABILITY = YES_AGGRESSIVE;
				CLANG_WARN_UNREACHABLE_CODE = YES;
				CLANG_WARN__DUPLICATE_METHOD_MATCH = YES;
				COPY_PHASE_STRIP = NO;
				DEBUG_INFORMATION_FORMAT = "dwarf-with-dsym";
				ENABLE_NS_ASSERTIONS = NO;
				ENABLE_STRICT_OBJC_MSGSEND = YES;
				GCC_C_LANGUAGE_STANDARD = gnu11;
				GCC_NO_COMMON_BLOCKS = YES;
				GCC_WARN_64_TO_32_BIT_CONVERSION = YES;
				GCC_WARN_ABOUT_RETURN_TYPE = YES_ERROR;
				GCC_WARN_UNDECLARED_SELECTOR = YES;
				GCC_WARN_UNINITIALIZED_AUTOS = YES_AGGRESSIVE;
				GCC_WARN_UNUSED_FUNCTION = YES;
				GCC_WARN_UNUSED_VARIABLE = YES;
				IPHONEOS_DEPLOYMENT_TARGET = 15.4;
				MTL_ENABLE_DEBUG_INFO = NO;
				MTL_FAST_MATH = YES;
				SDKROOT = iphoneos;
				SWIFT_COMPILATION_MODE = wholemodule;
				SWIFT_OPTIMIZATION_LEVEL = "-O";
				VALIDATE_PRODUCT = YES;
			};
			name = Release;
		};
		BF9D590127E92D8F007B409C /* Debug */ = {
			isa = XCBuildConfiguration;
			buildSettings = {
				ASSETCATALOG_COMPILER_APPICON_NAME = AppIcon;
				ASSETCATALOG_COMPILER_GLOBAL_ACCENT_COLOR_NAME = AccentColor;
				CODE_SIGN_STYLE = Automatic;
				CURRENT_PROJECT_VERSION = 1;
				DEVELOPMENT_ASSET_PATHS = "\"ROPApp/Preview Content\"";
				DEVELOPMENT_TEAM = FKLM5SV532;
				ENABLE_PREVIEWS = YES;
				GENERATE_INFOPLIST_FILE = YES;
				INFOPLIST_FILE = ROPApp/Info.plist;
				INFOPLIST_KEY_LSSupportsOpeningDocumentsInPlace = YES;
				INFOPLIST_KEY_NSCameraUsageDescription = "Need camera for acquition of the data";
				INFOPLIST_KEY_NSMicrophoneUsageDescription = "Need microphone for acquition of video.";
				INFOPLIST_KEY_NSPhotoLibraryAddUsageDescription = "Need photo library for saving the data";
				INFOPLIST_KEY_UIApplicationSceneManifest_Generation = YES;
				INFOPLIST_KEY_UIApplicationSupportsIndirectInputEvents = YES;
				INFOPLIST_KEY_UILaunchScreen_Generation = YES;
				INFOPLIST_KEY_UISupportedInterfaceOrientations_iPad = "UIInterfaceOrientationPortrait UIInterfaceOrientationPortraitUpsideDown UIInterfaceOrientationLandscapeLeft UIInterfaceOrientationLandscapeRight";
				INFOPLIST_KEY_UISupportedInterfaceOrientations_iPhone = "UIInterfaceOrientationPortrait UIInterfaceOrientationLandscapeLeft UIInterfaceOrientationLandscapeRight";
				LD_RUNPATH_SEARCH_PATHS = (
					"$(inherited)",
					"@executable_path/Frameworks",
				);
				MARKETING_VERSION = 1.0;
				PRODUCT_BUNDLE_IDENTIFIER = "yk-gankeisei.ROPApp";
				PRODUCT_NAME = "$(TARGET_NAME)";
				SWIFT_EMIT_LOC_STRINGS = YES;
				SWIFT_VERSION = 5.0;
				TARGETED_DEVICE_FAMILY = "1,2";
			};
			name = Debug;
		};
		BF9D590227E92D8F007B409C /* Release */ = {
			isa = XCBuildConfiguration;
			buildSettings = {
				ASSETCATALOG_COMPILER_APPICON_NAME = AppIcon;
				ASSETCATALOG_COMPILER_GLOBAL_ACCENT_COLOR_NAME = AccentColor;
				CODE_SIGN_STYLE = Automatic;
				CURRENT_PROJECT_VERSION = 1;
				DEVELOPMENT_ASSET_PATHS = "\"ROPApp/Preview Content\"";
				DEVELOPMENT_TEAM = FKLM5SV532;
				ENABLE_PREVIEWS = YES;
				GENERATE_INFOPLIST_FILE = YES;
				INFOPLIST_FILE = ROPApp/Info.plist;
				INFOPLIST_KEY_LSSupportsOpeningDocumentsInPlace = YES;
				INFOPLIST_KEY_NSCameraUsageDescription = "Need camera for acquition of the data";
				INFOPLIST_KEY_NSMicrophoneUsageDescription = "Need microphone for acquition of video.";
				INFOPLIST_KEY_NSPhotoLibraryAddUsageDescription = "Need photo library for saving the data";
				INFOPLIST_KEY_UIApplicationSceneManifest_Generation = YES;
				INFOPLIST_KEY_UIApplicationSupportsIndirectInputEvents = YES;
				INFOPLIST_KEY_UILaunchScreen_Generation = YES;
				INFOPLIST_KEY_UISupportedInterfaceOrientations_iPad = "UIInterfaceOrientationPortrait UIInterfaceOrientationPortraitUpsideDown UIInterfaceOrientationLandscapeLeft UIInterfaceOrientationLandscapeRight";
				INFOPLIST_KEY_UISupportedInterfaceOrientations_iPhone = "UIInterfaceOrientationPortrait UIInterfaceOrientationLandscapeLeft UIInterfaceOrientationLandscapeRight";
				LD_RUNPATH_SEARCH_PATHS = (
					"$(inherited)",
					"@executable_path/Frameworks",
				);
				MARKETING_VERSION = 1.0;
				PRODUCT_BUNDLE_IDENTIFIER = "yk-gankeisei.ROPApp";
				PRODUCT_NAME = "$(TARGET_NAME)";
				SWIFT_EMIT_LOC_STRINGS = YES;
				SWIFT_VERSION = 5.0;
				TARGETED_DEVICE_FAMILY = "1,2";
			};
			name = Release;
		};
/* End XCBuildConfiguration section */

/* Begin XCConfigurationList section */
		BF9D58ED27E92D8D007B409C /* Build configuration list for PBXProject "ROPApp" */ = {
			isa = XCConfigurationList;
			buildConfigurations = (
				BF9D58FE27E92D8F007B409C /* Debug */,
				BF9D58FF27E92D8F007B409C /* Release */,
			);
			defaultConfigurationIsVisible = 0;
			defaultConfigurationName = Release;
		};
		BF9D590027E92D8F007B409C /* Build configuration list for PBXNativeTarget "ROPApp" */ = {
			isa = XCConfigurationList;
			buildConfigurations = (
				BF9D590127E92D8F007B409C /* Debug */,
				BF9D590227E92D8F007B409C /* Release */,
			);
			defaultConfigurationIsVisible = 0;
			defaultConfigurationName = Release;
		};
/* End XCConfigurationList section */

/* Begin XCRemoteSwiftPackageReference section */
		BF9D591C27EA2593007B409C /* XCRemoteSwiftPackageReference "firebase-ios-sdk" */ = {
			isa = XCRemoteSwiftPackageReference;
			repositoryURL = "https://github.com/firebase/firebase-ios-sdk";
			requirement = {
				kind = upToNextMajorVersion;
				minimumVersion = 8.0.0;
			};
		};
/* End XCRemoteSwiftPackageReference section */

/* Begin XCSwiftPackageProductDependency section */
		BF9D591D27EA2593007B409C /* FirebaseAppDistribution-Beta */ = {
			isa = XCSwiftPackageProductDependency;
			package = BF9D591C27EA2593007B409C /* XCRemoteSwiftPackageReference "firebase-ios-sdk" */;
			productName = "FirebaseAppDistribution-Beta";
		};
/* End XCSwiftPackageProductDependency section */
	};
	rootObject = BF9D58EA27E92D8D007B409C /* Project object */;
}
